
Microsoft Visual Studio Solution File, Format Version 12.00
# Visual Studio Version 17
VisualStudioVersion = 17.3.32901.215
MinimumVisualStudioVersion = 10.0.40219.1
Project("{FAE04EC0-301F-11D3-BF4B-00C04F79EFBC}") = "WebsiteCosmetic", "WebsiteCosmetic\WebsiteCosmetic.csproj", "{3707CA7F-79A6-4060-9FFA-557C135410F1}"
EndProject
Project("{FAE04EC0-301F-11D3-BF4B-00C04F79EFBC}") = "Models", "Models\Models.csproj", "{AA4A115C-1DE2-4FEF-B3D5-E5E4EA407DE7}"
EndProject
Global
	GlobalSection(SolutionConfigurationPlatforms) = preSolution
		Debug|Any CPU = Debug|Any CPU
		Release|Any CPU = Release|Any CPU
	EndGlobalSection
	GlobalSection(ProjectConfigurationPlatforms) = postSolution
		{3707CA7F-79A6-4060-9FFA-557C135410F1}.Debug|Any CPU.ActiveCfg = Debug|Any CPU
		{3707CA7F-79A6-4060-9FFA-557C135410F1}.Debug|Any CPU.Build.0 = Debug|Any CPU
		{3707CA7F-79A6-4060-9FFA-557C135410F1}.Release|Any CPU.ActiveCfg = Release|Any CPU
		{3707CA7F-79A6-4060-9FFA-557C135410F1}.Release|Any CPU.Build.0 = Release|Any CPU
		{AA4A115C-1DE2-4FEF-B3D5-E5E4EA407DE7}.Debug|Any CPU.ActiveCfg = Debug|Any CPU
		{AA4A115C-1DE2-4FEF-B3D5-E5E4EA407DE7}.Debug|Any CPU.Build.0 = Debug|Any CPU
		{AA4A115C-1DE2-4FEF-B3D5-E5E4EA407DE7}.Release|Any CPU.ActiveCfg = Release|Any CPU
		{AA4A115C-1DE2-4FEF-B3D5-E5E4EA407DE7}.Release|Any CPU.Build.0 = Release|Any CPU
	EndGlobalSection
	GlobalSection(SolutionProperties) = preSolution
		HideSolutionNode = FALSE
	EndGlobalSection
	GlobalSection(ExtensibilityGlobals) = postSolution
		SolutionGuid = {075C7F11-D7A3-4296-9C2D-C4EC5A39BB93}
	EndGlobalSection
EndGlobal
